{
  "object": {
    "pins": [
      {
        "package": "HTTPStatusCodes",
        "repositoryURL": "https://github.com/jaderfeijo/SwiftHTTPStatusCodes.git",
        "state": {
          "branch": null,
          "revision": "8f5e0b8002820fadbabcce5523ebec46ccfe711b",
          "version": "3.4.0"
        }
      }
    ]
  },
  "version": 1
}
