{
  "object": {
    "pins": [
      {
        "package": "HTTPMethod",
        "repositoryURL": "https://github.com/thii/HTTPMethod.git",
        "state": {
          "branch": null,
          "revision": "5cb356f4cdd00f1c79f52250f697a4007be22d55",
          "version": "0.1.0"
        }
      },
      {
        "package": "HTTPStatusCodes",
        "repositoryURL": "https://github.com/jaderfeijo/SwiftHTTPStatusCodes.git",
        "state": {
          "branch": null,
          "revision": "8f5e0b8002820fadbabcce5523ebec46ccfe711b",
          "version": "3.4.0"
        }
      }
    ]
  },
  "version": 1
}
